// !$*UTF8*$!
{
	archiveVersion = 1;
	classes = {
	};
	objectVersion = 54;
	objects = {

/* Begin PBXBuildFile section */
		010A3CEE9F2F41628BF9E33A /* FixelText-Light.otf in Resources */ = {isa = PBXBuildFile; fileRef = 4253CC67A6D643F5B361EE4B /* FixelText-Light.otf */; };
		0604D442AD7E47F89692292D /* CoreML.framework in Frameworks */ = {isa = PBXBuildFile; fileRef = 2A0759422FB24CADBCC3D776 /* CoreML.framework */; };
		13B07FBF1A68108700A75B9A /* Images.xcassets in Resources */ = {isa = PBXBuildFile; fileRef = 13B07FB51A68108700A75B9A /* Images.xcassets */; };
		14E78D8299290809335AC43E /* libPods-Papillon.a in Frameworks */ = {isa = PBXBuildFile; fileRef = 7F27DF2170EB6D2FA3794B0F /* libPods-Papillon.a */; };
		2019C050ACA144DFA3DB5D5B /* Oxanium-Light.ttf in Resources */ = {isa = PBXBuildFile; fileRef = 5C9702591AAD4FD0924115FC /* Oxanium-Light.ttf */; };
		2D922BFE27B445B1A5E77ADD /* IBMPlexSerif-SemiBold.ttf in Resources */ = {isa = PBXBuildFile; fileRef = F31BA3797A174FE8925E7822 /* IBMPlexSerif-SemiBold.ttf */; };
		3000A6B21D12476DAEF6C0CE /* FixelText-SemiBold.otf in Resources */ = {isa = PBXBuildFile; fileRef = 9996AD5F2B144DF5B8CF3946 /* FixelText-SemiBold.otf */; };
		3545BDA18BF64A16BFF5C4D3 /* Averages.swift in Sources */ = {isa = PBXBuildFile; fileRef = 904C81BB92B04EFEBCBE2EBA /* Averages.swift */; };
		3B6234DDEFB04C71A347F28E /* Courgette-Regular.ttf in Resources */ = {isa = PBXBuildFile; fileRef = 858789E9895341F191DD339D /* Courgette-Regular.ttf */; };
		3E461D99554A48A4959DE609 /* SplashScreen.storyboard in Resources */ = {isa = PBXBuildFile; fileRef = AA286B85B6C04FC6940260E9 /* SplashScreen.storyboard */; };
		4684FEABB5634A96982BEB23 /* IBMPlexSerif-Bold.ttf in Resources */ = {isa = PBXBuildFile; fileRef = 327766AC2C914E719374E43F /* IBMPlexSerif-Bold.ttf */; };
		4C42F95075F896EE695B7D09 /* libPods-ExpoWidgetsTarget.a in Frameworks */ = {isa = PBXBuildFile; fileRef = 9049003069E033EF31C26AC0 /* libPods-ExpoWidgetsTarget.a */; };
		4C57BA6D37E64A5FA39FCA8E /* Oxanium-SemiBold.ttf in Resources */ = {isa = PBXBuildFile; fileRef = 1916777344AA4140A8F848CF /* Oxanium-SemiBold.ttf */; };
		4DDDA0778E576AD35DE4EFE9 /* ExpoModulesProvider.swift in Sources */ = {isa = PBXBuildFile; fileRef = A1CE84DF993E03DF1F83C2C9 /* ExpoModulesProvider.swift */; };
		5DE9E07898764896845988F5 /* Oxanium-Regular.ttf in Resources */ = {isa = PBXBuildFile; fileRef = 6A7DCFFC29404B64AC5B27BA /* Oxanium-Regular.ttf */; };
		5E01291328421DE4F33A58E0 /* PrivacyInfo.xcprivacy in Resources */ = {isa = PBXBuildFile; fileRef = CA9B821FF2B572ADF35323CC /* PrivacyInfo.xcprivacy */; };
		62830289335D482A8FBB19CD /* Notes.swift in Sources */ = {isa = PBXBuildFile; fileRef = 85622DBBD63541C9A40681D1 /* Notes.swift */; };
		6F03E4138DFC42DCA402F9AE /* IBMPlexSerif-Regular.ttf in Resources */ = {isa = PBXBuildFile; fileRef = 1256929EB28A47358080D550 /* IBMPlexSerif-Regular.ttf */; };
		7222FCBC2D1F427AA8A8B07E /* SNPro-Bold.ttf in Resources */ = {isa = PBXBuildFile; fileRef = 377B3E1A08B4438590FDF7AD /* SNPro-Bold.ttf */; };
		78D94B5BDB114F14AB55C0DB /* FixelText-Regular.otf in Resources */ = {isa = PBXBuildFile; fileRef = BAF1DC86185C4E69A6365FF9 /* FixelText-Regular.otf */; };
		879CB3806BE94010A6E78189 /* SNPro-Regular.ttf in Resources */ = {isa = PBXBuildFile; fileRef = A9A371E12D5A47FFBFFD2459 /* SNPro-Regular.ttf */; };
		8B2825DDAEB94B12AD83B9CE /* SNPro-Light.ttf in Resources */ = {isa = PBXBuildFile; fileRef = A29C27034A0344A5ADB56B5B /* SNPro-Light.ttf */; };
		965E1056C894EB9FE148A64C /* ExpoModulesProvider.swift in Sources */ = {isa = PBXBuildFile; fileRef = 84ECFA8F40A4D5C500AB547A /* ExpoModulesProvider.swift */; };
		96A20FF0B1FB461F943ADA58 /* SNPro-Medium.ttf in Resources */ = {isa = PBXBuildFile; fileRef = 7DC9B6B0EEFA4B669814EE3C /* SNPro-Medium.ttf */; };
		A036C0F57D0441388CEA778A /* ExpoWidgetsTarget.appex in Embed Foundation Extensions */ = {isa = PBXBuildFile; fileRef = D0684C2B410A4EF2AB55129A /* ExpoWidgetsTarget.appex */; };
		B56A689355794EAA95D50A7D /* SNPro-Semibold.ttf in Resources */ = {isa = PBXBuildFile; fileRef = 10955256BFF844E3BA3F4C52 /* SNPro-Semibold.ttf */; };
		B7643D2B4485401DA201EBF9 /* Calendar.swift in Sources */ = {isa = PBXBuildFile; fileRef = F2793C6D71064959A648F59B /* Calendar.swift */; };
		BB2F792D24A3F905000567C9 /* Expo.plist in Resources */ = {isa = PBXBuildFile; fileRef = BB2F792C24A3F905000567C9 /* Expo.plist */; };
		BD073B8784AE46B9B2A39BF0 /* IBMPlexSerif-Light.ttf in Resources */ = {isa = PBXBuildFile; fileRef = 5BE9192C67B54E26A0A4A08A /* IBMPlexSerif-Light.ttf */; };
		BE0033FFAD6644C48FE72F5A /* Tasks.swift in Sources */ = {isa = PBXBuildFile; fileRef = B3880E45B1A441A8A9C3D011 /* Tasks.swift */; };
		C58E6706767A4873AEDA03D6 /* IBMPlexSerif-Medium.ttf in Resources */ = {isa = PBXBuildFile; fileRef = 8A89E832DDFE461596178788 /* IBMPlexSerif-Medium.ttf */; };
		C9CDF8F441584041978FFCF3 /* app.icon in Resources */ = {isa = PBXBuildFile; fileRef = E135FB412C4A4136A5ED7F00 /* app.icon */; };
		CB98EDEFA9EE4A09B4A9C5D6 /* Oxanium-Bold.ttf in Resources */ = {isa = PBXBuildFile; fileRef = 67360E6D591144D6AE4F0DBA /* Oxanium-Bold.ttf */; };
		D55A1EE9B39E454EA898DC44 /* Oxanium-Medium.ttf in Resources */ = {isa = PBXBuildFile; fileRef = 9EA47D58134F4A4EBB0CFA38 /* Oxanium-Medium.ttf */; };
		D59DCB35B5F14D2A9CEA446B /* FixelText-Bold.otf in Resources */ = {isa = PBXBuildFile; fileRef = CD73681778064BCDB8CA24D4 /* FixelText-Bold.otf */; };
		D815A89E46DC4905BFBDC460 /* FixelText-Medium.otf in Resources */ = {isa = PBXBuildFile; fileRef = 795BC4A2F7C4432286E8DE05 /* FixelText-Medium.otf */; };
		DFBBBB9DE68B4C118033A952 /* SNPro-Black.ttf in Resources */ = {isa = PBXBuildFile; fileRef = D8271A831E134E6CBDC3E9BF /* SNPro-Black.ttf */; };
		F11748422D0307B40044C1D9 /* AppDelegate.swift in Sources */ = {isa = PBXBuildFile; fileRef = F11748412D0307B40044C1D9 /* AppDelegate.swift */; };
		FCD69F59975E408783435382 /* index.swift in Sources */ = {isa = PBXBuildFile; fileRef = 8964B15D7AEF4B92B5FE9BF8 /* index.swift */; };
/* End PBXBuildFile section */

/* Begin PBXContainerItemProxy section */
		E7129B93B5CE481DBA6D8442 /* PBXContainerItemProxy */ = {
			isa = PBXContainerItemProxy;
			containerPortal = 83CBB9F71A601CBA00E9B192 /* Project object */;
			proxyType = 1;
			remoteGlobalIDString = 733E9965F8534C8DBE705E35;
			remoteInfo = ExpoWidgetsTarget;
		};
/* End PBXContainerItemProxy section */

/* Begin PBXCopyFilesBuildPhase section */
		6015B4B0697E488C9FD272BA /* Embed Foundation Extensions */ = {
			isa = PBXCopyFilesBuildPhase;
			buildActionMask = 2147483647;
			dstPath = "";
			dstSubfolderSpec = 13;
			files = (
				A036C0F57D0441388CEA778A /* ExpoWidgetsTarget.appex in Embed Foundation Extensions */,
			);
			name = "Embed Foundation Extensions";
			runOnlyForDeploymentPostprocessing = 0;
		};
/* End PBXCopyFilesBuildPhase section */

/* Begin PBXFileReference section */
		10955256BFF844E3BA3F4C52 /* SNPro-Semibold.ttf */ = {isa = PBXFileReference; explicitFileType = undefined; fileEncoding = 9; includeInIndex = 0; lastKnownFileType = unknown; name = "SNPro-Semibold.ttf"; path = "ExpoWidgetsTarget/Fonts/SNPro-Semibold.ttf"; sourceTree = SOURCE_ROOT; };
		1256929EB28A47358080D550 /* IBMPlexSerif-Regular.ttf */ = {isa = PBXFileReference; explicitFileType = undefined; fileEncoding = 9; includeInIndex = 0; lastKnownFileType = unknown; name = "IBMPlexSerif-Regular.ttf"; path = "ExpoWidgetsTarget/Fonts/IBMPlexSerif-Regular.ttf"; sourceTree = SOURCE_ROOT; };
		13B07F961A680F5B00A75B9A /* Papillon.app */ = {isa = PBXFileReference; explicitFileType = wrapper.application; includeInIndex = 0; path = Papillon.app; sourceTree = BUILT_PRODUCTS_DIR; };
		13B07FB51A68108700A75B9A /* Images.xcassets */ = {isa = PBXFileReference; lastKnownFileType = folder.assetcatalog; name = Images.xcassets; path = Papillon/Images.xcassets; sourceTree = "<group>"; };
		13B07FB61A68108700A75B9A /* Info.plist */ = {isa = PBXFileReference; fileEncoding = 4; lastKnownFileType = text.plist.xml; name = Info.plist; path = Papillon/Info.plist; sourceTree = "<group>"; };
		1916777344AA4140A8F848CF /* Oxanium-SemiBold.ttf */ = {isa = PBXFileReference; explicitFileType = undefined; fileEncoding = 9; includeInIndex = 0; lastKnownFileType = unknown; name = "Oxanium-SemiBold.ttf"; path = "ExpoWidgetsTarget/Fonts/Oxanium-SemiBold.ttf"; sourceTree = SOURCE_ROOT; };
		2A0759422FB24CADBCC3D776 /* CoreML.framework */ = {isa = PBXFileReference; explicitFileType = undefined; fileEncoding = 9; includeInIndex = 0; lastKnownFileType = wrapper.framework; name = CoreML.framework; path = System/Library/Frameworks/CoreML.framework; sourceTree = SDKROOT; };
		327766AC2C914E719374E43F /* IBMPlexSerif-Bold.ttf */ = {isa = PBXFileReference; explicitFileType = undefined; fileEncoding = 9; includeInIndex = 0; lastKnownFileType = unknown; name = "IBMPlexSerif-Bold.ttf"; path = "ExpoWidgetsTarget/Fonts/IBMPlexSerif-Bold.ttf"; sourceTree = SOURCE_ROOT; };
		3513D79BF5C94C5EBA38AB5D /* ExpoWidgetsTarget.entitlements */ = {isa = PBXFileReference; explicitFileType = undefined; fileEncoding = 9; includeInIndex = 0; lastKnownFileType = unknown; path = ExpoWidgetsTarget.entitlements; sourceTree = "<group>"; };
		377B3E1A08B4438590FDF7AD /* SNPro-Bold.ttf */ = {isa = PBXFileReference; explicitFileType = undefined; fileEncoding = 9; includeInIndex = 0; lastKnownFileType = unknown; name = "SNPro-Bold.ttf"; path = "ExpoWidgetsTarget/Fonts/SNPro-Bold.ttf"; sourceTree = SOURCE_ROOT; };
		4253CC67A6D643F5B361EE4B /* FixelText-Light.otf */ = {isa = PBXFileReference; explicitFileType = undefined; fileEncoding = 9; includeInIndex = 0; lastKnownFileType = unknown; name = "FixelText-Light.otf"; path = "ExpoWidgetsTarget/Fonts/FixelText-Light.otf"; sourceTree = SOURCE_ROOT; };
		42DEC17BF76080946D6C00D7 /* Pods-Papillon.debug.xcconfig */ = {isa = PBXFileReference; includeInIndex = 1; lastKnownFileType = text.xcconfig; name = "Pods-Papillon.debug.xcconfig"; path = "Target Support Files/Pods-Papillon/Pods-Papillon.debug.xcconfig"; sourceTree = "<group>"; };
		5BE9192C67B54E26A0A4A08A /* IBMPlexSerif-Light.ttf */ = {isa = PBXFileReference; explicitFileType = undefined; fileEncoding = 9; includeInIndex = 0; lastKnownFileType = unknown; name = "IBMPlexSerif-Light.ttf"; path = "ExpoWidgetsTarget/Fonts/IBMPlexSerif-Light.ttf"; sourceTree = SOURCE_ROOT; };
		5C9702591AAD4FD0924115FC /* Oxanium-Light.ttf */ = {isa = PBXFileReference; explicitFileType = undefined; fileEncoding = 9; includeInIndex = 0; lastKnownFileType = unknown; name = "Oxanium-Light.ttf"; path = "ExpoWidgetsTarget/Fonts/Oxanium-Light.ttf"; sourceTree = SOURCE_ROOT; };
		67360E6D591144D6AE4F0DBA /* Oxanium-Bold.ttf */ = {isa = PBXFileReference; explicitFileType = undefined; fileEncoding = 9; includeInIndex = 0; lastKnownFileType = unknown; name = "Oxanium-Bold.ttf"; path = "ExpoWidgetsTarget/Fonts/Oxanium-Bold.ttf"; sourceTree = SOURCE_ROOT; };
		6A7DCFFC29404B64AC5B27BA /* Oxanium-Regular.ttf */ = {isa = PBXFileReference; explicitFileType = undefined; fileEncoding = 9; includeInIndex = 0; lastKnownFileType = unknown; name = "Oxanium-Regular.ttf"; path = "ExpoWidgetsTarget/Fonts/Oxanium-Regular.ttf"; sourceTree = SOURCE_ROOT; };
		7088E724A67E102D334ECDCB /* Pods-ExpoWidgetsTarget.release.xcconfig */ = {isa = PBXFileReference; includeInIndex = 1; lastKnownFileType = text.xcconfig; name = "Pods-ExpoWidgetsTarget.release.xcconfig"; path = "Target Support Files/Pods-ExpoWidgetsTarget/Pods-ExpoWidgetsTarget.release.xcconfig"; sourceTree = "<group>"; };
		795BC4A2F7C4432286E8DE05 /* FixelText-Medium.otf */ = {isa = PBXFileReference; explicitFileType = undefined; fileEncoding = 9; includeInIndex = 0; lastKnownFileType = unknown; name = "FixelText-Medium.otf"; path = "ExpoWidgetsTarget/Fonts/FixelText-Medium.otf"; sourceTree = SOURCE_ROOT; };
		7DC9B6B0EEFA4B669814EE3C /* SNPro-Medium.ttf */ = {isa = PBXFileReference; explicitFileType = undefined; fileEncoding = 9; includeInIndex = 0; lastKnownFileType = unknown; name = "SNPro-Medium.ttf"; path = "ExpoWidgetsTarget/Fonts/SNPro-Medium.ttf"; sourceTree = SOURCE_ROOT; };
		7F27DF2170EB6D2FA3794B0F /* libPods-Papillon.a */ = {isa = PBXFileReference; explicitFileType = archive.ar; includeInIndex = 0; path = "libPods-Papillon.a"; sourceTree = BUILT_PRODUCTS_DIR; };
		84ECFA8F40A4D5C500AB547A /* ExpoModulesProvider.swift */ = {isa = PBXFileReference; includeInIndex = 1; lastKnownFileType = sourcecode.swift; name = ExpoModulesProvider.swift; path = "Pods/Target Support Files/Pods-ExpoWidgetsTarget/ExpoModulesProvider.swift"; sourceTree = "<group>"; };
		85622DBBD63541C9A40681D1 /* Notes.swift */ = {isa = PBXFileReference; explicitFileType = undefined; fileEncoding = 4; includeInIndex = 0; lastKnownFileType = sourcecode.swift; path = Notes.swift; sourceTree = "<group>"; };
		858789E9895341F191DD339D /* Courgette-Regular.ttf */ = {isa = PBXFileReference; explicitFileType = undefined; fileEncoding = 9; includeInIndex = 0; lastKnownFileType = unknown; name = "Courgette-Regular.ttf"; path = "ExpoWidgetsTarget/Fonts/Courgette-Regular.ttf"; sourceTree = SOURCE_ROOT; };
		8964B15D7AEF4B92B5FE9BF8 /* index.swift */ = {isa = PBXFileReference; explicitFileType = undefined; fileEncoding = 4; includeInIndex = 0; lastKnownFileType = sourcecode.swift; path = index.swift; sourceTree = "<group>"; };
		8A89E832DDFE461596178788 /* IBMPlexSerif-Medium.ttf */ = {isa = PBXFileReference; explicitFileType = undefined; fileEncoding = 9; includeInIndex = 0; lastKnownFileType = unknown; name = "IBMPlexSerif-Medium.ttf"; path = "ExpoWidgetsTarget/Fonts/IBMPlexSerif-Medium.ttf"; sourceTree = SOURCE_ROOT; };
		9049003069E033EF31C26AC0 /* libPods-ExpoWidgetsTarget.a */ = {isa = PBXFileReference; explicitFileType = archive.ar; includeInIndex = 0; path = "libPods-ExpoWidgetsTarget.a"; sourceTree = BUILT_PRODUCTS_DIR; };
		904C81BB92B04EFEBCBE2EBA /* Averages.swift */ = {isa = PBXFileReference; explicitFileType = undefined; fileEncoding = 4; includeInIndex = 0; lastKnownFileType = sourcecode.swift; path = Averages.swift; sourceTree = "<group>"; };
		9996AD5F2B144DF5B8CF3946 /* FixelText-SemiBold.otf */ = {isa = PBXFileReference; explicitFileType = undefined; fileEncoding = 9; includeInIndex = 0; lastKnownFileType = unknown; name = "FixelText-SemiBold.otf"; path = "ExpoWidgetsTarget/Fonts/FixelText-SemiBold.otf"; sourceTree = SOURCE_ROOT; };
		9EA47D58134F4A4EBB0CFA38 /* Oxanium-Medium.ttf */ = {isa = PBXFileReference; explicitFileType = undefined; fileEncoding = 9; includeInIndex = 0; lastKnownFileType = unknown; name = "Oxanium-Medium.ttf"; path = "ExpoWidgetsTarget/Fonts/Oxanium-Medium.ttf"; sourceTree = SOURCE_ROOT; };
		A1CE84DF993E03DF1F83C2C9 /* ExpoModulesProvider.swift */ = {isa = PBXFileReference; includeInIndex = 1; lastKnownFileType = sourcecode.swift; name = ExpoModulesProvider.swift; path = "Pods/Target Support Files/Pods-Papillon/ExpoModulesProvider.swift"; sourceTree = "<group>"; };
		A29C27034A0344A5ADB56B5B /* SNPro-Light.ttf */ = {isa = PBXFileReference; explicitFileType = undefined; fileEncoding = 9; includeInIndex = 0; lastKnownFileType = unknown; name = "SNPro-Light.ttf"; path = "ExpoWidgetsTarget/Fonts/SNPro-Light.ttf"; sourceTree = SOURCE_ROOT; };
		A5B1680BF08CA344D960E4AB /* Pods-Papillon.release.xcconfig */ = {isa = PBXFileReference; includeInIndex = 1; lastKnownFileType = text.xcconfig; name = "Pods-Papillon.release.xcconfig"; path = "Target Support Files/Pods-Papillon/Pods-Papillon.release.xcconfig"; sourceTree = "<group>"; };
		A9A371E12D5A47FFBFFD2459 /* SNPro-Regular.ttf */ = {isa = PBXFileReference; explicitFileType = undefined; fileEncoding = 9; includeInIndex = 0; lastKnownFileType = unknown; name = "SNPro-Regular.ttf"; path = "ExpoWidgetsTarget/Fonts/SNPro-Regular.ttf"; sourceTree = SOURCE_ROOT; };
		AA286B85B6C04FC6940260E9 /* SplashScreen.storyboard */ = {isa = PBXFileReference; fileEncoding = 4; lastKnownFileType = file.storyboard; name = SplashScreen.storyboard; path = Papillon/SplashScreen.storyboard; sourceTree = "<group>"; };
		B3880E45B1A441A8A9C3D011 /* Tasks.swift */ = {isa = PBXFileReference; explicitFileType = undefined; fileEncoding = 4; includeInIndex = 0; lastKnownFileType = sourcecode.swift; path = Tasks.swift; sourceTree = "<group>"; };
		BAF1DC86185C4E69A6365FF9 /* FixelText-Regular.otf */ = {isa = PBXFileReference; explicitFileType = undefined; fileEncoding = 9; includeInIndex = 0; lastKnownFileType = unknown; name = "FixelText-Regular.otf"; path = "ExpoWidgetsTarget/Fonts/FixelText-Regular.otf"; sourceTree = SOURCE_ROOT; };
		BB2F792C24A3F905000567C9 /* Expo.plist */ = {isa = PBXFileReference; fileEncoding = 4; lastKnownFileType = text.plist.xml; path = Expo.plist; sourceTree = "<group>"; };
		CA9B821FF2B572ADF35323CC /* PrivacyInfo.xcprivacy */ = {isa = PBXFileReference; includeInIndex = 1; lastKnownFileType = text.xml; name = PrivacyInfo.xcprivacy; path = Papillon/PrivacyInfo.xcprivacy; sourceTree = "<group>"; };
		CD73681778064BCDB8CA24D4 /* FixelText-Bold.otf */ = {isa = PBXFileReference; explicitFileType = undefined; fileEncoding = 9; includeInIndex = 0; lastKnownFileType = unknown; name = "FixelText-Bold.otf"; path = "ExpoWidgetsTarget/Fonts/FixelText-Bold.otf"; sourceTree = SOURCE_ROOT; };
		D0684C2B410A4EF2AB55129A /* ExpoWidgetsTarget.appex */ = {isa = PBXFileReference; explicitFileType = "wrapper.app-extension"; fileEncoding = 9; includeInIndex = 0; path = ExpoWidgetsTarget.appex; sourceTree = BUILT_PRODUCTS_DIR; };
		D8271A831E134E6CBDC3E9BF /* SNPro-Black.ttf */ = {isa = PBXFileReference; explicitFileType = undefined; fileEncoding = 9; includeInIndex = 0; lastKnownFileType = unknown; name = "SNPro-Black.ttf"; path = "ExpoWidgetsTarget/Fonts/SNPro-Black.ttf"; sourceTree = SOURCE_ROOT; };
		E135FB412C4A4136A5ED7F00 /* app.icon */ = {isa = PBXFileReference; explicitFileType = undefined; fileEncoding = 9; includeInIndex = 0; lastKnownFileType = unknown; name = app.icon; path = Papillon/app.icon; sourceTree = "<group>"; };
		E4C678E570CF5AF82FE7FF06 /* Pods-ExpoWidgetsTarget.debug.xcconfig */ = {isa = PBXFileReference; includeInIndex = 1; lastKnownFileType = text.xcconfig; name = "Pods-ExpoWidgetsTarget.debug.xcconfig"; path = "Target Support Files/Pods-ExpoWidgetsTarget/Pods-ExpoWidgetsTarget.debug.xcconfig"; sourceTree = "<group>"; };
		ED297162215061F000B7C4FE /* JavaScriptCore.framework */ = {isa = PBXFileReference; lastKnownFileType = wrapper.framework; name = JavaScriptCore.framework; path = System/Library/Frameworks/JavaScriptCore.framework; sourceTree = SDKROOT; };
		F11748412D0307B40044C1D9 /* AppDelegate.swift */ = {isa = PBXFileReference; lastKnownFileType = sourcecode.swift; name = AppDelegate.swift; path = Papillon/AppDelegate.swift; sourceTree = "<group>"; };
		F11748442D0722820044C1D9 /* Papillon-Bridging-Header.h */ = {isa = PBXFileReference; lastKnownFileType = sourcecode.c.h; name = "Papillon-Bridging-Header.h"; path = "Papillon/Papillon-Bridging-Header.h"; sourceTree = "<group>"; };
		F2793C6D71064959A648F59B /* Calendar.swift */ = {isa = PBXFileReference; explicitFileType = undefined; fileEncoding = 4; includeInIndex = 0; lastKnownFileType = sourcecode.swift; path = Calendar.swift; sourceTree = "<group>"; };
		F31BA3797A174FE8925E7822 /* IBMPlexSerif-SemiBold.ttf */ = {isa = PBXFileReference; explicitFileType = undefined; fileEncoding = 9; includeInIndex = 0; lastKnownFileType = unknown; name = "IBMPlexSerif-SemiBold.ttf"; path = "ExpoWidgetsTarget/Fonts/IBMPlexSerif-SemiBold.ttf"; sourceTree = SOURCE_ROOT; };
		FE8B8F7D42EE4D1DBAFAEF70 /* Info.plist */ = {isa = PBXFileReference; explicitFileType = undefined; fileEncoding = 4; includeInIndex = 0; lastKnownFileType = text.plist.xml; path = Info.plist; sourceTree = "<group>"; };
/* End PBXFileReference section */

/* Begin PBXFrameworksBuildPhase section */
		13B07F8C1A680F5B00A75B9A /* Frameworks */ = {
			isa = PBXFrameworksBuildPhase;
			buildActionMask = 2147483647;
			files = (
				0604D442AD7E47F89692292D /* CoreML.framework in Frameworks */,
				14E78D8299290809335AC43E /* libPods-Papillon.a in Frameworks */,
			);
			runOnlyForDeploymentPostprocessing = 0;
		};
		F3C62287BF00448F81E4453E /* Frameworks */ = {
			isa = PBXFrameworksBuildPhase;
			buildActionMask = 2147483647;
			files = (
				4C42F95075F896EE695B7D09 /* libPods-ExpoWidgetsTarget.a in Frameworks */,
			);
			runOnlyForDeploymentPostprocessing = 0;
		};
/* End PBXFrameworksBuildPhase section */

/* Begin PBXGroup section */
		13B07FAE1A68108700A75B9A /* Papillon */ = {
			isa = PBXGroup;
			children = (
				F11748412D0307B40044C1D9 /* AppDelegate.swift */,
				F11748442D0722820044C1D9 /* Papillon-Bridging-Header.h */,
				BB2F792B24A3F905000567C9 /* Supporting */,
				13B07FB51A68108700A75B9A /* Images.xcassets */,
				13B07FB61A68108700A75B9A /* Info.plist */,
				AA286B85B6C04FC6940260E9 /* SplashScreen.storyboard */,
				E135FB412C4A4136A5ED7F00 /* app.icon */,
				CA9B821FF2B572ADF35323CC /* PrivacyInfo.xcprivacy */,
			);
			name = Papillon;
			sourceTree = "<group>";
		};
		2D16E6871FA4F8E400B85C8A /* Frameworks */ = {
			isa = PBXGroup;
			children = (
				ED297162215061F000B7C4FE /* JavaScriptCore.framework */,
				2A0759422FB24CADBCC3D776 /* CoreML.framework */,
				9049003069E033EF31C26AC0 /* libPods-ExpoWidgetsTarget.a */,
				7F27DF2170EB6D2FA3794B0F /* libPods-Papillon.a */,
			);
			name = Frameworks;
			sourceTree = "<group>";
		};
		4C3BD797AF2042589647A86D /* ExpoWidgetsTarget */ = {
			isa = PBXGroup;
			children = (
				3513D79BF5C94C5EBA38AB5D /* ExpoWidgetsTarget.entitlements */,
				FE8B8F7D42EE4D1DBAFAEF70 /* Info.plist */,
				8964B15D7AEF4B92B5FE9BF8 /* index.swift */,
				F2793C6D71064959A648F59B /* Calendar.swift */,
				B3880E45B1A441A8A9C3D011 /* Tasks.swift */,
				85622DBBD63541C9A40681D1 /* Notes.swift */,
				904C81BB92B04EFEBCBE2EBA /* Averages.swift */,
			);
			path = ExpoWidgetsTarget;
			sourceTree = "<group>";
		};
		5C788389305F5CE400477EE4 /* Recovered References */ = {
			isa = PBXGroup;
			children = (
				858789E9895341F191DD339D /* Courgette-Regular.ttf */,
				CD73681778064BCDB8CA24D4 /* FixelText-Bold.otf */,
				4253CC67A6D643F5B361EE4B /* FixelText-Light.otf */,
				795BC4A2F7C4432286E8DE05 /* FixelText-Medium.otf */,
				BAF1DC86185C4E69A6365FF9 /* FixelText-Regular.otf */,
				9996AD5F2B144DF5B8CF3946 /* FixelText-SemiBold.otf */,
				327766AC2C914E719374E43F /* IBMPlexSerif-Bold.ttf */,
				5BE9192C67B54E26A0A4A08A /* IBMPlexSerif-Light.ttf */,
				8A89E832DDFE461596178788 /* IBMPlexSerif-Medium.ttf */,
				1256929EB28A47358080D550 /* IBMPlexSerif-Regular.ttf */,
				F31BA3797A174FE8925E7822 /* IBMPlexSerif-SemiBold.ttf */,
				67360E6D591144D6AE4F0DBA /* Oxanium-Bold.ttf */,
				5C9702591AAD4FD0924115FC /* Oxanium-Light.ttf */,
				9EA47D58134F4A4EBB0CFA38 /* Oxanium-Medium.ttf */,
				6A7DCFFC29404B64AC5B27BA /* Oxanium-Regular.ttf */,
				1916777344AA4140A8F848CF /* Oxanium-SemiBold.ttf */,
				D8271A831E134E6CBDC3E9BF /* SNPro-Black.ttf */,
				377B3E1A08B4438590FDF7AD /* SNPro-Bold.ttf */,
				A29C27034A0344A5ADB56B5B /* SNPro-Light.ttf */,
				7DC9B6B0EEFA4B669814EE3C /* SNPro-Medium.ttf */,
				A9A371E12D5A47FFBFFD2459 /* SNPro-Regular.ttf */,
				10955256BFF844E3BA3F4C52 /* SNPro-Semibold.ttf */,
			);
			name = "Recovered References";
			sourceTree = "<group>";
		};
		7009DAE3823F421B8609EDC1 /* Papillon */ = {
			isa = PBXGroup;
			children = (
				A1CE84DF993E03DF1F83C2C9 /* ExpoModulesProvider.swift */,
			);
			name = Papillon;
			sourceTree = "<group>";
		};
		832341AE1AAA6A7D00B99B32 /* Libraries */ = {
			isa = PBXGroup;
			children = (
			);
			name = Libraries;
			sourceTree = "<group>";
		};
		83CBB9F61A601CBA00E9B192 = {
			isa = PBXGroup;
			children = (
				13B07FAE1A68108700A75B9A /* Papillon */,
				832341AE1AAA6A7D00B99B32 /* Libraries */,
				83CBBA001A601CBA00E9B192 /* Products */,
				2D16E6871FA4F8E400B85C8A /* Frameworks */,
				4C3BD797AF2042589647A86D /* ExpoWidgetsTarget */,
				C3C73FDC33201AEAB387875A /* Pods */,
				E750F155FA0851B545562967 /* ExpoModulesProviders */,
				5C788389305F5CE400477EE4 /* Recovered References */,
			);
			indentWidth = 2;
			sourceTree = "<group>";
			tabWidth = 2;
			usesTabs = 0;
		};
		83CBBA001A601CBA00E9B192 /* Products */ = {
			isa = PBXGroup;
			children = (
				13B07F961A680F5B00A75B9A /* Papillon.app */,
				D0684C2B410A4EF2AB55129A /* ExpoWidgetsTarget.appex */,
			);
			name = Products;
			sourceTree = "<group>";
		};
		BB2F792B24A3F905000567C9 /* Supporting */ = {
			isa = PBXGroup;
			children = (
				BB2F792C24A3F905000567C9 /* Expo.plist */,
			);
			name = Supporting;
			path = Papillon/Supporting;
			sourceTree = "<group>";
		};
		C014BAC179E883158AE88DF6 /* ExpoWidgetsTarget */ = {
			isa = PBXGroup;
			children = (
				84ECFA8F40A4D5C500AB547A /* ExpoModulesProvider.swift */,
			);
			name = ExpoWidgetsTarget;
			sourceTree = "<group>";
		};
		C3C73FDC33201AEAB387875A /* Pods */ = {
			isa = PBXGroup;
			children = (
				E4C678E570CF5AF82FE7FF06 /* Pods-ExpoWidgetsTarget.debug.xcconfig */,
				7088E724A67E102D334ECDCB /* Pods-ExpoWidgetsTarget.release.xcconfig */,
				42DEC17BF76080946D6C00D7 /* Pods-Papillon.debug.xcconfig */,
				A5B1680BF08CA344D960E4AB /* Pods-Papillon.release.xcconfig */,
			);
			path = Pods;
			sourceTree = "<group>";
		};
		E750F155FA0851B545562967 /* ExpoModulesProviders */ = {
			isa = PBXGroup;
			children = (
				C014BAC179E883158AE88DF6 /* ExpoWidgetsTarget */,
				7009DAE3823F421B8609EDC1 /* Papillon */,
			);
			name = ExpoModulesProviders;
			sourceTree = "<group>";
		};
/* End PBXGroup section */

/* Begin PBXNativeTarget section */
		13B07F861A680F5B00A75B9A /* Papillon */ = {
			isa = PBXNativeTarget;
			buildConfigurationList = 13B07F931A680F5B00A75B9A /* Build configuration list for PBXNativeTarget "Papillon" */;
			buildPhases = (
				08A4A3CD28434E44B6B9DE2E /* [CP] Check Pods Manifest.lock */,
				F1C114E70218503D9B09B270 /* [Expo] Configure project */,
				13B07F871A680F5B00A75B9A /* Sources */,
				13B07F8C1A680F5B00A75B9A /* Frameworks */,
				13B07F8E1A680F5B00A75B9A /* Resources */,
				00DD1BFF1BD5951E006B06BC /* Bundle React Native code and images */,
				800E24972A6A228C8D4807E9 /* [CP] Copy Pods Resources */,
				C508F4B47D0C42ECB448C7F7 /* [Expo Dev Launcher] Strip Local Network Keys for Release */,
				6015B4B0697E488C9FD272BA /* Embed Foundation Extensions */,
				C9508ECEC1CC30ED5AC2EF2C /* [CP] Embed Pods Frameworks */,
			);
			buildRules = (
			);
			dependencies = (
				A5A423E656DB43FE9E61D850 /* PBXTargetDependency */,
			);
			name = Papillon;
			productName = Papillon;
			productReference = 13B07F961A680F5B00A75B9A /* Papillon.app */;
			productType = "com.apple.product-type.application";
		};
		733E9965F8534C8DBE705E35 /* ExpoWidgetsTarget */ = {
			isa = PBXNativeTarget;
			buildConfigurationList = AE5AE9E32FD7438DB1E0C298 /* Build configuration list for PBXNativeTarget "ExpoWidgetsTarget" */;
			buildPhases = (
				1566162196F1441B84036868 /* [CP] Check Pods Manifest.lock */,
				E6EB4B31B001A85B84D39612 /* [Expo] Configure project */,
				3386FFE13DAC4B448288E215 /* Sources */,
				F3C62287BF00448F81E4453E /* Frameworks */,
				ABD7BA138DF743FCB40DC8B0 /* Resources */,
				0BB3172D3EC8FAB4FC2A0BFE /* [CP] Copy Pods Resources */,
			);
			buildRules = (
			);
			dependencies = (
			);
			name = ExpoWidgetsTarget;
			productName = ExpoWidgetsTarget;
			productReference = D0684C2B410A4EF2AB55129A /* ExpoWidgetsTarget.appex */;
			productType = "com.apple.product-type.app-extension";
		};
/* End PBXNativeTarget section */

/* Begin PBXProject section */
		83CBB9F71A601CBA00E9B192 /* Project object */ = {
			isa = PBXProject;
			attributes = {
				LastUpgradeCheck = 1130;
				TargetAttributes = {
					13B07F861A680F5B00A75B9A = {
						LastSwiftMigration = 1250;
					};
					733E9965F8534C8DBE705E35 = {
						LastSwiftMigration = 1250;
					};
				};
			};
			buildConfigurationList = 83CBB9FA1A601CBA00E9B192 /* Build configuration list for PBXProject "Papillon" */;
			compatibilityVersion = "Xcode 3.2";
			developmentRegion = en;
			hasScannedForEncodings = 0;
			knownRegions = (
				en,
				Base,
			);
			mainGroup = 83CBB9F61A601CBA00E9B192;
			productRefGroup = 83CBBA001A601CBA00E9B192 /* Products */;
			projectDirPath = "";
			projectRoot = "";
			targets = (
				13B07F861A680F5B00A75B9A /* Papillon */,
				733E9965F8534C8DBE705E35 /* ExpoWidgetsTarget */,
			);
		};
/* End PBXProject section */

/* Begin PBXResourcesBuildPhase section */
		13B07F8E1A680F5B00A75B9A /* Resources */ = {
			isa = PBXResourcesBuildPhase;
			buildActionMask = 2147483647;
			files = (
				BB2F792D24A3F905000567C9 /* Expo.plist in Resources */,
				13B07FBF1A68108700A75B9A /* Images.xcassets in Resources */,
				3E461D99554A48A4959DE609 /* SplashScreen.storyboard in Resources */,
				C9CDF8F441584041978FFCF3 /* app.icon in Resources */,
				5E01291328421DE4F33A58E0 /* PrivacyInfo.xcprivacy in Resources */,
			);
			runOnlyForDeploymentPostprocessing = 0;
		};
		ABD7BA138DF743FCB40DC8B0 /* Resources */ = {
			isa = PBXResourcesBuildPhase;
			buildActionMask = 2147483647;
			files = (
				3B6234DDEFB04C71A347F28E /* Courgette-Regular.ttf in Resources */,
				D59DCB35B5F14D2A9CEA446B /* FixelText-Bold.otf in Resources */,
				010A3CEE9F2F41628BF9E33A /* FixelText-Light.otf in Resources */,
				D815A89E46DC4905BFBDC460 /* FixelText-Medium.otf in Resources */,
				78D94B5BDB114F14AB55C0DB /* FixelText-Regular.otf in Resources */,
				3000A6B21D12476DAEF6C0CE /* FixelText-SemiBold.otf in Resources */,
				4684FEABB5634A96982BEB23 /* IBMPlexSerif-Bold.ttf in Resources */,
				BD073B8784AE46B9B2A39BF0 /* IBMPlexSerif-Light.ttf in Resources */,
				C58E6706767A4873AEDA03D6 /* IBMPlexSerif-Medium.ttf in Resources */,
				6F03E4138DFC42DCA402F9AE /* IBMPlexSerif-Regular.ttf in Resources */,
				2D922BFE27B445B1A5E77ADD /* IBMPlexSerif-SemiBold.ttf in Resources */,
				CB98EDEFA9EE4A09B4A9C5D6 /* Oxanium-Bold.ttf in Resources */,
				2019C050ACA144DFA3DB5D5B /* Oxanium-Light.ttf in Resources */,
				D55A1EE9B39E454EA898DC44 /* Oxanium-Medium.ttf in Resources */,
				5DE9E07898764896845988F5 /* Oxanium-Regular.ttf in Resources */,
				4C57BA6D37E64A5FA39FCA8E /* Oxanium-SemiBold.ttf in Resources */,
				DFBBBB9DE68B4C118033A952 /* SNPro-Black.ttf in Resources */,
				7222FCBC2D1F427AA8A8B07E /* SNPro-Bold.ttf in Resources */,
				8B2825DDAEB94B12AD83B9CE /* SNPro-Light.ttf in Resources */,
				96A20FF0B1FB461F943ADA58 /* SNPro-Medium.ttf in Resources */,
				879CB3806BE94010A6E78189 /* SNPro-Regular.ttf in Resources */,
				B56A689355794EAA95D50A7D /* SNPro-Semibold.ttf in Resources */,
			);
			runOnlyForDeploymentPostprocessing = 0;
		};
/* End PBXResourcesBuildPhase section */

/* Begin PBXShellScriptBuildPhase section */
		00DD1BFF1BD5951E006B06BC /* Bundle React Native code and images */ = {
			isa = PBXShellScriptBuildPhase;
			alwaysOutOfDate = 1;
			buildActionMask = 2147483647;
			files = (
			);
			inputPaths = (
				"$(SRCROOT)/.xcode.env",
				"$(SRCROOT)/.xcode.env.local",
			);
			name = "Bundle React Native code and images";
			outputPaths = (
			);
			runOnlyForDeploymentPostprocessing = 0;
			shellPath = /bin/sh;
			shellScript = "if [[ -f \"$PODS_ROOT/../.xcode.env\" ]]; then\n  source \"$PODS_ROOT/../.xcode.env\"\nfi\nif [[ -f \"$PODS_ROOT/../.xcode.env.local\" ]]; then\n  source \"$PODS_ROOT/../.xcode.env.local\"\nfi\n\n# The project root by default is one level up from the ios directory\nexport PROJECT_ROOT=\"$PROJECT_DIR\"/..\n\nif [[ \"$CONFIGURATION\" = *Debug* ]]; then\n  export SKIP_BUNDLING=1\nfi\nif [[ -z \"$ENTRY_FILE\" ]]; then\n  # Set the entry JS file using the bundler's entry resolution.\n  export ENTRY_FILE=\"$(\"$NODE_BINARY\" -e \"require('expo/scripts/resolveAppEntry')\" \"$PROJECT_ROOT\" ios absolute | tail -n 1)\"\nfi\n\nif [[ -z \"$CLI_PATH\" ]]; then\n  # Use Expo CLI\n  export CLI_PATH=\"$(\"$NODE_BINARY\" --print \"require.resolve('@expo/cli', { paths: [require.resolve('expo/package.json')] })\")\"\nfi\nif [[ -z \"$BUNDLE_COMMAND\" ]]; then\n  # Default Expo CLI command for bundling\n  export BUNDLE_COMMAND=\"export:embed\"\nfi\n\n# Source .xcode.env.updates if it exists to allow\n# SKIP_BUNDLING to be unset if needed\nif [[ -f \"$PODS_ROOT/../.xcode.env.updates\" ]]; then\n  source \"$PODS_ROOT/../.xcode.env.updates\"\nfi\n# Source local changes to allow overrides\n# if needed\nif [[ -f \"$PODS_ROOT/../.xcode.env.local\" ]]; then\n  source \"$PODS_ROOT/../.xcode.env.local\"\nfi\n\n`\"$NODE_BINARY\" --print \"require('path').dirname(require.resolve('react-native/package.json')) + '/scripts/react-native-xcode.sh'\"`\n\n";
		};
		08A4A3CD28434E44B6B9DE2E /* [CP] Check Pods Manifest.lock */ = {
			isa = PBXShellScriptBuildPhase;
			buildActionMask = 2147483647;
			files = (
			);
			inputFileListPaths = (
			);
			inputPaths = (
				"${PODS_PODFILE_DIR_PATH}/Podfile.lock",
				"${PODS_ROOT}/Manifest.lock",
			);
			name = "[CP] Check Pods Manifest.lock";
			outputFileListPaths = (
			);
			outputPaths = (
				"$(DERIVED_FILE_DIR)/Pods-Papillon-checkManifestLockResult.txt",
			);
			runOnlyForDeploymentPostprocessing = 0;
			shellPath = /bin/sh;
			shellScript = "diff \"${PODS_PODFILE_DIR_PATH}/Podfile.lock\" \"${PODS_ROOT}/Manifest.lock\" > /dev/null\nif [ $? != 0 ] ; then\n    # print error to STDERR\n    echo \"error: The sandbox is not in sync with the Podfile.lock. Run 'pod install' or update your CocoaPods installation.\" >&2\n    exit 1\nfi\n# This output is used by Xcode 'outputs' to avoid re-running this script phase.\necho \"SUCCESS\" > \"${SCRIPT_OUTPUT_FILE_0}\"\n";
			showEnvVarsInLog = 0;
		};
		0BB3172D3EC8FAB4FC2A0BFE /* [CP] Copy Pods Resources */ = {
			isa = PBXShellScriptBuildPhase;
			buildActionMask = 2147483647;
			files = (
			);
			inputPaths = (
				"${PODS_ROOT}/Target Support Files/Pods-ExpoWidgetsTarget/Pods-ExpoWidgetsTarget-resources.sh",
				"${PODS_CONFIGURATION_BUILD_DIR}/ExpoWidgets/ExpoWidgets.bundle",
				"${PODS_CONFIGURATION_BUILD_DIR}/React-Core/React-Core_privacy.bundle",
				"${PODS_CONFIGURATION_BUILD_DIR}/React-cxxreact/React-cxxreact_privacy.bundle",
				"${PODS_CONFIGURATION_BUILD_DIR}/React-timing/React-timing_privacy.bundle",
				"${PODS_CONFIGURATION_BUILD_DIR}/SDWebImage/SDWebImage.bundle",
			);
			name = "[CP] Copy Pods Resources";
			outputPaths = (
				"${TARGET_BUILD_DIR}/${UNLOCALIZED_RESOURCES_FOLDER_PATH}/ExpoWidgets.bundle",
				"${TARGET_BUILD_DIR}/${UNLOCALIZED_RESOURCES_FOLDER_PATH}/React-Core_privacy.bundle",
				"${TARGET_BUILD_DIR}/${UNLOCALIZED_RESOURCES_FOLDER_PATH}/React-cxxreact_privacy.bundle",
				"${TARGET_BUILD_DIR}/${UNLOCALIZED_RESOURCES_FOLDER_PATH}/React-timing_privacy.bundle",
				"${TARGET_BUILD_DIR}/${UNLOCALIZED_RESOURCES_FOLDER_PATH}/SDWebImage.bundle",
			);
			runOnlyForDeploymentPostprocessing = 0;
			shellPath = /bin/sh;
			shellScript = "\"${PODS_ROOT}/Target Support Files/Pods-ExpoWidgetsTarget/Pods-ExpoWidgetsTarget-resources.sh\"\n";
			showEnvVarsInLog = 0;
		};
		1566162196F1441B84036868 /* [CP] Check Pods Manifest.lock */ = {
			isa = PBXShellScriptBuildPhase;
			buildActionMask = 2147483647;
			files = (
			);
			inputFileListPaths = (
			);
			inputPaths = (
				"${PODS_PODFILE_DIR_PATH}/Podfile.lock",
				"${PODS_ROOT}/Manifest.lock",
			);
			name = "[CP] Check Pods Manifest.lock";
			outputFileListPaths = (
			);
			outputPaths = (
				"$(DERIVED_FILE_DIR)/Pods-ExpoWidgetsTarget-checkManifestLockResult.txt",
			);
			runOnlyForDeploymentPostprocessing = 0;
			shellPath = /bin/sh;
			shellScript = "diff \"${PODS_PODFILE_DIR_PATH}/Podfile.lock\" \"${PODS_ROOT}/Manifest.lock\" > /dev/null\nif [ $? != 0 ] ; then\n    # print error to STDERR\n    echo \"error: The sandbox is not in sync with the Podfile.lock. Run 'pod install' or update your CocoaPods installation.\" >&2\n    exit 1\nfi\n# This output is used by Xcode 'outputs' to avoid re-running this script phase.\necho \"SUCCESS\" > \"${SCRIPT_OUTPUT_FILE_0}\"\n";
			showEnvVarsInLog = 0;
		};
		800E24972A6A228C8D4807E9 /* [CP] Copy Pods Resources */ = {
			isa = PBXShellScriptBuildPhase;
			buildActionMask = 2147483647;
			files = (
			);
			inputPaths = (
				"${PODS_ROOT}/Target Support Files/Pods-Papillon/Pods-Papillon-resources.sh",
				"${PODS_CONFIGURATION_BUILD_DIR}/EXApplication/ExpoApplication_privacy.bundle",
				"${PODS_CONFIGURATION_BUILD_DIR}/EXConstants/EXConstants.bundle",
				"${PODS_CONFIGURATION_BUILD_DIR}/EXConstants/ExpoConstants_privacy.bundle",
				"${PODS_CONFIGURATION_BUILD_DIR}/ExpoDevice/ExpoDevice_privacy.bundle",
				"${PODS_CONFIGURATION_BUILD_DIR}/ExpoFileSystem/ExpoFileSystem_privacy.bundle",
				"${PODS_CONFIGURATION_BUILD_DIR}/ExpoLocalization/ExpoLocalization_privacy.bundle",
				"${PODS_CONFIGURATION_BUILD_DIR}/ExpoNotifications/ExpoNotifications_privacy.bundle",
				"${PODS_CONFIGURATION_BUILD_DIR}/ExpoSystemUI/ExpoSystemUI_privacy.bundle",
				"${PODS_CONFIGURATION_BUILD_DIR}/ExpoWidgets/ExpoWidgets.bundle",
				"${PODS_CONFIGURATION_BUILD_DIR}/RNCAsyncStorage/RNCAsyncStorage_resources.bundle",
				"${PODS_CONFIGURATION_BUILD_DIR}/RNDeviceInfo/RNDeviceInfoPrivacyInfo.bundle",
				"${PODS_CONFIGURATION_BUILD_DIR}/RNSVG/RNSVGFilters.bundle",
				"${PODS_CONFIGURATION_BUILD_DIR}/React-Core/React-Core_privacy.bundle",
				"${PODS_CONFIGURATION_BUILD_DIR}/React-cxxreact/React-cxxreact_privacy.bundle",
				"${PODS_CONFIGURATION_BUILD_DIR}/React-timing/React-timing_privacy.bundle",
				"${PODS_CONFIGURATION_BUILD_DIR}/SDWebImage/SDWebImage.bundle",
				"${PODS_CONFIGURATION_BUILD_DIR}/TensorFlowLiteC/TensorFlowLiteC.bundle",
				"${PODS_CONFIGURATION_BUILD_DIR}/TensorFlowLiteC/TensorFlowLiteCCoreML.bundle",
				"${PODS_CONFIGURATION_BUILD_DIR}/expo-dev-launcher/EXDevLauncher.bundle",
				"${PODS_CONFIGURATION_BUILD_DIR}/expo-dev-menu/EXDevMenu.bundle",
				"${PODS_CONFIGURATION_BUILD_DIR}/lottie-ios/LottiePrivacyInfo.bundle",
				"${PODS_CONFIGURATION_BUILD_DIR}/lottie-react-native/Lottie_React_Native_Privacy.bundle",
			);
			name = "[CP] Copy Pods Resources";
			outputPaths = (
				"${TARGET_BUILD_DIR}/${UNLOCALIZED_RESOURCES_FOLDER_PATH}/ExpoApplication_privacy.bundle",
				"${TARGET_BUILD_DIR}/${UNLOCALIZED_RESOURCES_FOLDER_PATH}/EXConstants.bundle",
				"${TARGET_BUILD_DIR}/${UNLOCALIZED_RESOURCES_FOLDER_PATH}/ExpoConstants_privacy.bundle",
				"${TARGET_BUILD_DIR}/${UNLOCALIZED_RESOURCES_FOLDER_PATH}/ExpoDevice_privacy.bundle",
				"${TARGET_BUILD_DIR}/${UNLOCALIZED_RESOURCES_FOLDER_PATH}/ExpoFileSystem_privacy.bundle",
				"${TARGET_BUILD_DIR}/${UNLOCALIZED_RESOURCES_FOLDER_PATH}/ExpoLocalization_privacy.bundle",
				"${TARGET_BUILD_DIR}/${UNLOCALIZED_RESOURCES_FOLDER_PATH}/ExpoNotifications_privacy.bundle",
				"${TARGET_BUILD_DIR}/${UNLOCALIZED_RESOURCES_FOLDER_PATH}/ExpoSystemUI_privacy.bundle",
				"${TARGET_BUILD_DIR}/${UNLOCALIZED_RESOURCES_FOLDER_PATH}/ExpoWidgets.bundle",
				"${TARGET_BUILD_DIR}/${UNLOCALIZED_RESOURCES_FOLDER_PATH}/RNCAsyncStorage_resources.bundle",
				"${TARGET_BUILD_DIR}/${UNLOCALIZED_RESOURCES_FOLDER_PATH}/RNDeviceInfoPrivacyInfo.bundle",
				"${TARGET_BUILD_DIR}/${UNLOCALIZED_RESOURCES_FOLDER_PATH}/RNSVGFilters.bundle",
				"${TARGET_BUILD_DIR}/${UNLOCALIZED_RESOURCES_FOLDER_PATH}/React-Core_privacy.bundle",
				"${TARGET_BUILD_DIR}/${UNLOCALIZED_RESOURCES_FOLDER_PATH}/React-cxxreact_privacy.bundle",
				"${TARGET_BUILD_DIR}/${UNLOCALIZED_RESOURCES_FOLDER_PATH}/React-timing_privacy.bundle",
				"${TARGET_BUILD_DIR}/${UNLOCALIZED_RESOURCES_FOLDER_PATH}/SDWebImage.bundle",
				"${TARGET_BUILD_DIR}/${UNLOCALIZED_RESOURCES_FOLDER_PATH}/TensorFlowLiteC.bundle",
				"${TARGET_BUILD_DIR}/${UNLOCALIZED_RESOURCES_FOLDER_PATH}/TensorFlowLiteCCoreML.bundle",
				"${TARGET_BUILD_DIR}/${UNLOCALIZED_RESOURCES_FOLDER_PATH}/EXDevLauncher.bundle",
				"${TARGET_BUILD_DIR}/${UNLOCALIZED_RESOURCES_FOLDER_PATH}/EXDevMenu.bundle",
				"${TARGET_BUILD_DIR}/${UNLOCALIZED_RESOURCES_FOLDER_PATH}/LottiePrivacyInfo.bundle",
				"${TARGET_BUILD_DIR}/${UNLOCALIZED_RESOURCES_FOLDER_PATH}/Lottie_React_Native_Privacy.bundle",
			);
			runOnlyForDeploymentPostprocessing = 0;
			shellPath = /bin/sh;
			shellScript = "\"${PODS_ROOT}/Target Support Files/Pods-Papillon/Pods-Papillon-resources.sh\"\n";
			showEnvVarsInLog = 0;
		};
		C508F4B47D0C42ECB448C7F7 /* [Expo Dev Launcher] Strip Local Network Keys for Release */ = {
			isa = PBXShellScriptBuildPhase;
			buildActionMask = 2147483647;
			files = (
			);
			inputPaths = (
			);
			name = "[Expo Dev Launcher] Strip Local Network Keys for Release";
			outputPaths = (
			);
			runOnlyForDeploymentPostprocessing = 0;
			shellPath = /bin/sh;
			shellScript = "# Strip dev-launcher-specific local network permission keys from non-Debug builds\n# This only removes _expo._tcp Bonjour services and the dev-launcher usage description.\n# Other Bonjour services and custom descriptions are preserved for production use.\n\nif [ \"$CONFIGURATION\" != \"Debug\" ]; then\n  PLIST_PATH=\"${TARGET_BUILD_DIR}/${INFOPLIST_PATH}\"\n  if [ -f \"$PLIST_PATH\" ]; then\n    # Check if NSBonjourServices exists\n    if /usr/libexec/PlistBuddy -c \"Print :NSBonjourServices\" \"$PLIST_PATH\" >/dev/null 2>&1; then\n      # Get the count of services\n      COUNT=$(/usr/libexec/PlistBuddy -c \"Print :NSBonjourServices\" \"$PLIST_PATH\" 2>/dev/null | grep \"^    \" | wc -l | tr -d ' ')\n\n      # Remove _expo._tcp\n      for ((i=COUNT-1; i>=0; i--)); do\n        SERVICE=$(/usr/libexec/PlistBuddy -c \"Print :NSBonjourServices:$i\" \"$PLIST_PATH\" 2>/dev/null || echo \"\")\n        if echo \"$SERVICE\" | grep -q \"_expo._tcp\"; then\n          /usr/libexec/PlistBuddy -c \"Delete :NSBonjourServices:$i\" \"$PLIST_PATH\" 2>/dev/null || true\n        fi\n      done\n\n      # If the array is now empty, remove it entirely\n      REMAINING=$(/usr/libexec/PlistBuddy -c \"Print :NSBonjourServices\" \"$PLIST_PATH\" 2>/dev/null | grep \"^    \" | wc -l | tr -d ' ')\n      if [ \"$REMAINING\" -eq \"0\" ]; then\n        /usr/libexec/PlistBuddy -c \"Delete :NSBonjourServices\" \"$PLIST_PATH\" 2>/dev/null || true\n      fi\n    fi\n\n    # Only delete the description if it matches the dev-launcher default text\n    DESC=$(/usr/libexec/PlistBuddy -c \"Print :NSLocalNetworkUsageDescription\" \"$PLIST_PATH\" 2>/dev/null || echo \"\")\n    if echo \"$DESC\" | grep -q \"Expo Dev Launcher\"; then\n      /usr/libexec/PlistBuddy -c \"Delete :NSLocalNetworkUsageDescription\" \"$PLIST_PATH\" 2>/dev/null || true\n    fi\n  fi\nfi\n";
		};
		C9508ECEC1CC30ED5AC2EF2C /* [CP] Embed Pods Frameworks */ = {
			isa = PBXShellScriptBuildPhase;
			buildActionMask = 2147483647;
			files = (
			);
			inputPaths = (
				"${PODS_ROOT}/Target Support Files/Pods-Papillon/Pods-Papillon-frameworks.sh",
				"${PODS_XCFRAMEWORKS_BUILD_DIR}/ExpoModulesJSI/ExpoModulesJSI.framework/ExpoModulesJSI",
				"${PODS_XCFRAMEWORKS_BUILD_DIR}/React-Core-prebuilt/React.framework/React",
				"${PODS_XCFRAMEWORKS_BUILD_DIR}/ReactNativeDependencies/ReactNativeDependencies.framework/ReactNativeDependencies",
				"${PODS_XCFRAMEWORKS_BUILD_DIR}/hermes-engine/Pre-built/hermesvm.framework/hermesvm",
			);
			name = "[CP] Embed Pods Frameworks";
			outputPaths = (
				"${TARGET_BUILD_DIR}/${FRAMEWORKS_FOLDER_PATH}/ExpoModulesJSI.framework",
				"${TARGET_BUILD_DIR}/${FRAMEWORKS_FOLDER_PATH}/React.framework",
				"${TARGET_BUILD_DIR}/${FRAMEWORKS_FOLDER_PATH}/ReactNativeDependencies.framework",
				"${TARGET_BUILD_DIR}/${FRAMEWORKS_FOLDER_PATH}/hermesvm.framework",
			);
			runOnlyForDeploymentPostprocessing = 0;
			shellPath = /bin/sh;
			shellScript = "\"${PODS_ROOT}/Target Support Files/Pods-Papillon/Pods-Papillon-frameworks.sh\"\n";
			showEnvVarsInLog = 0;
		};
		E6EB4B31B001A85B84D39612 /* [Expo] Configure project */ = {
			isa = PBXShellScriptBuildPhase;
			alwaysOutOfDate = 1;
			buildActionMask = 2147483647;
			files = (
			);
			inputFileListPaths = (
			);
			inputPaths = (
				"$(SRCROOT)/.xcode.env",
				"$(SRCROOT)/.xcode.env.local",
				"$(SRCROOT)/ExpoWidgetsTarget/ExpoWidgetsTarget.entitlements",
				"$(SRCROOT)/Pods/Target Support Files/Pods-ExpoWidgetsTarget/expo-configure-project.sh",
			);
			name = "[Expo] Configure project";
			outputFileListPaths = (
			);
			outputPaths = (
				"$(SRCROOT)/Pods/Target Support Files/Pods-ExpoWidgetsTarget/ExpoModulesProvider.swift",
			);
			runOnlyForDeploymentPostprocessing = 0;
			shellPath = /bin/sh;
			shellScript = "# This script configures Expo modules and generates the modules provider file.\nbash -l -c \"./Pods/Target\\ Support\\ Files/Pods-ExpoWidgetsTarget/expo-configure-project.sh\"\n";
		};
		F1C114E70218503D9B09B270 /* [Expo] Configure project */ = {
			isa = PBXShellScriptBuildPhase;
			alwaysOutOfDate = 1;
			buildActionMask = 2147483647;
			files = (
			);
			inputFileListPaths = (
			);
			inputPaths = (
				"$(SRCROOT)/.xcode.env",
				"$(SRCROOT)/.xcode.env.local",
				"$(SRCROOT)/Papillon/Papillon.entitlements",
				"$(SRCROOT)/Pods/Target Support Files/Pods-Papillon/expo-configure-project.sh",
			);
			name = "[Expo] Configure project";
			outputFileListPaths = (
			);
			outputPaths = (
				"$(SRCROOT)/Pods/Target Support Files/Pods-Papillon/ExpoModulesProvider.swift",
			);
			runOnlyForDeploymentPostprocessing = 0;
			shellPath = /bin/sh;
			shellScript = "# This script configures Expo modules and generates the modules provider file.\nbash -l -c \"./Pods/Target\\ Support\\ Files/Pods-Papillon/expo-configure-project.sh\"\n";
		};
/* End PBXShellScriptBuildPhase section */

/* Begin PBXSourcesBuildPhase section */
		13B07F871A680F5B00A75B9A /* Sources */ = {
			isa = PBXSourcesBuildPhase;
			buildActionMask = 2147483647;
			files = (
				F11748422D0307B40044C1D9 /* AppDelegate.swift in Sources */,
				4DDDA0778E576AD35DE4EFE9 /* ExpoModulesProvider.swift in Sources */,
			);
			runOnlyForDeploymentPostprocessing = 0;
		};
		3386FFE13DAC4B448288E215 /* Sources */ = {
			isa = PBXSourcesBuildPhase;
			buildActionMask = 2147483647;
			files = (
				FCD69F59975E408783435382 /* index.swift in Sources */,
				B7643D2B4485401DA201EBF9 /* Calendar.swift in Sources */,
				BE0033FFAD6644C48FE72F5A /* Tasks.swift in Sources */,
				62830289335D482A8FBB19CD /* Notes.swift in Sources */,
				3545BDA18BF64A16BFF5C4D3 /* Averages.swift in Sources */,
				965E1056C894EB9FE148A64C /* ExpoModulesProvider.swift in Sources */,
			);
			runOnlyForDeploymentPostprocessing = 0;
		};
/* End PBXSourcesBuildPhase section */

/* Begin PBXTargetDependency section */
		A5A423E656DB43FE9E61D850 /* PBXTargetDependency */ = {
			isa = PBXTargetDependency;
			target = 733E9965F8534C8DBE705E35 /* ExpoWidgetsTarget */;
			targetProxy = E7129B93B5CE481DBA6D8442 /* PBXContainerItemProxy */;
		};
/* End PBXTargetDependency section */

/* Begin XCBuildConfiguration section */
		13B07F941A680F5B00A75B9A /* Debug */ = {
			isa = XCBuildConfiguration;
			baseConfigurationReference = 42DEC17BF76080946D6C00D7 /* Pods-Papillon.debug.xcconfig */;
			buildSettings = {
				ASSETCATALOG_COMPILER_APPICON_NAME = app;
				CLANG_ENABLE_MODULES = YES;
				CODE_SIGN_ENTITLEMENTS = Papillon/Papillon.entitlements;
				CURRENT_PROJECT_VERSION = 1;
				DEVELOPMENT_TEAM = C87L9NX8TU;
				ENABLE_BITCODE = NO;
				GCC_PREPROCESSOR_DEFINITIONS = (
					"$(inherited)",
					"FB_SONARKIT_ENABLED=1",
				);
				INFOPLIST_FILE = Papillon/Info.plist;
				IPHONEOS_DEPLOYMENT_TARGET = 16.4;
				LD_RUNPATH_SEARCH_PATHS = (
					"$(inherited)",
					"@executable_path/Frameworks",
				);
				MACOSX_DEPLOYMENT_TARGET = 13.4;
				MARKETING_VERSION = 1.0;
				OTHER_LDFLAGS = (
					"$(inherited)",
					"-ObjC",
					"-lc++",
				);
				OTHER_SWIFT_FLAGS = "$(inherited) -D EXPO_CONFIGURATION_DEBUG";
				PRODUCT_BUNDLE_IDENTIFIER = xyz.kaelian.dev;
				PRODUCT_NAME = Papillon;
				SWIFT_OBJC_BRIDGING_HEADER = "Papillon/Papillon-Bridging-Header.h";
				SWIFT_OPTIMIZATION_LEVEL = "-Onone";
				SWIFT_VERSION = 5.0;
				TARGETED_DEVICE_FAMILY = "1,2";
				VERSIONING_SYSTEM = "apple-generic";
			};
			name = Debug;
		};
		13B07F951A680F5B00A75B9A /* Release */ = {
			isa = XCBuildConfiguration;
			baseConfigurationReference = A5B1680BF08CA344D960E4AB /* Pods-Papillon.release.xcconfig */;
			buildSettings = {
				ASSETCATALOG_COMPILER_APPICON_NAME = app;
				CLANG_ENABLE_MODULES = YES;
				CODE_SIGN_ENTITLEMENTS = Papillon/Papillon.entitlements;
				CURRENT_PROJECT_VERSION = 1;
				DEVELOPMENT_TEAM = C87L9NX8TU;
				INFOPLIST_FILE = Papillon/Info.plist;
				IPHONEOS_DEPLOYMENT_TARGET = 16.4;
				LD_RUNPATH_SEARCH_PATHS = (
					"$(inherited)",
					"@executable_path/Frameworks",
				);
				MACOSX_DEPLOYMENT_TARGET = 13.4;
				MARKETING_VERSION = 1.0;
				OTHER_LDFLAGS = (
					"$(inherited)",
					"-ObjC",
					"-lc++",
				);
				OTHER_SWIFT_FLAGS = "$(inherited) -D EXPO_CONFIGURATION_RELEASE";
				PRODUCT_BUNDLE_IDENTIFIER = xyz.kaelian.dev;
				PRODUCT_NAME = Papillon;
				SWIFT_OBJC_BRIDGING_HEADER = "Papillon/Papillon-Bridging-Header.h";
				SWIFT_VERSION = 5.0;
				TARGETED_DEVICE_FAMILY = "1,2";
				VERSIONING_SYSTEM = "apple-generic";
			};
			name = Release;
		};
		818E4BBDCB124F1185F272FD /* Debug */ = {
			isa = XCBuildConfiguration;
			baseConfigurationReference = E4C678E570CF5AF82FE7FF06 /* Pods-ExpoWidgetsTarget.debug.xcconfig */;
			buildSettings = {
				APPLICATION_EXTENSION_API_ONLY = YES;
				CODE_SIGN_ENTITLEMENTS = ExpoWidgetsTarget/ExpoWidgetsTarget.entitlements;
				CURRENT_PROJECT_VERSION = 1;
				DEVELOPMENT_TEAM = C87L9NX8TU;
				GENERATE_INFOPLIST_FILE = YES;
				INFOPLIST_FILE = ExpoWidgetsTarget/Info.plist;
				INFOPLIST_KEY_CFBundleDisplayName = ExpoWidgetsTarget;
				INFOPLIST_KEY_NSHumanReadableCopyright = "";
				IPHONEOS_DEPLOYMENT_TARGET = 16.4;
				MARKETING_VERSION = 8.5.5;
				OTHER_SWIFT_FLAGS = "$(inherited) -D EXPO_CONFIGURATION_DEBUG";
				PRODUCT_BUNDLE_IDENTIFIER = xyz.kaelian.dev.widgets;
				PRODUCT_NAME = "$(TARGET_NAME)";
				SWIFT_OPTIMIZATION_LEVEL = "-Onone";
				SWIFT_VERSION = 5.0;
				TARGETED_DEVICE_FAMILY = "1,2";
			};
			name = Debug;
		};
		83CBBA201A601CBA00E9B192 /* Debug */ = {
			isa = XCBuildConfiguration;
			buildSettings = {
				ALWAYS_SEARCH_USER_PATHS = NO;
				CLANG_ANALYZER_LOCALIZABILITY_NONLOCALIZED = YES;
				CLANG_CXX_LANGUAGE_STANDARD = "c++20";
				CLANG_CXX_LIBRARY = "libc++";
				CLANG_ENABLE_MODULES = YES;
				CLANG_ENABLE_OBJC_ARC = YES;
				CLANG_WARN_BLOCK_CAPTURE_AUTORELEASING = YES;
				CLANG_WARN_BOOL_CONVERSION = YES;
				CLANG_WARN_COMMA = YES;
				CLANG_WARN_CONSTANT_CONVERSION = YES;
				CLANG_WARN_DEPRECATED_OBJC_IMPLEMENTATIONS = YES;
				CLANG_WARN_DIRECT_OBJC_ISA_USAGE = YES_ERROR;
				CLANG_WARN_EMPTY_BODY = YES;
				CLANG_WARN_ENUM_CONVERSION = YES;
				CLANG_WARN_INFINITE_RECURSION = YES;
				CLANG_WARN_INT_CONVERSION = YES;
				CLANG_WARN_NON_LITERAL_NULL_CONVERSION = YES;
				CLANG_WARN_OBJC_IMPLICIT_RETAIN_SELF = YES;
				CLANG_WARN_OBJC_LITERAL_CONVERSION = YES;
				CLANG_WARN_OBJC_ROOT_CLASS = YES_ERROR;
				CLANG_WARN_RANGE_LOOP_ANALYSIS = YES;
				CLANG_WARN_STRICT_PROTOTYPES = YES;
				CLANG_WARN_SUSPICIOUS_MOVE = YES;
				CLANG_WARN_UNREACHABLE_CODE = YES;
				CLANG_WARN__DUPLICATE_METHOD_MATCH = YES;
				"CODE_SIGN_IDENTITY[sdk=iphoneos*]" = "iPhone Developer";
				COPY_PHASE_STRIP = NO;
				ENABLE_STRICT_OBJC_MSGSEND = YES;
				ENABLE_TESTABILITY = YES;
				GCC_C_LANGUAGE_STANDARD = gnu99;
				GCC_DYNAMIC_NO_PIC = NO;
				GCC_NO_COMMON_BLOCKS = YES;
				GCC_OPTIMIZATION_LEVEL = 0;
				GCC_PREPROCESSOR_DEFINITIONS = (
					"DEBUG=1",
					"$(inherited)",
				);
				GCC_SYMBOLS_PRIVATE_EXTERN = NO;
				GCC_WARN_64_TO_32_BIT_CONVERSION = YES;
				GCC_WARN_ABOUT_RETURN_TYPE = YES_ERROR;
				GCC_WARN_UNDECLARED_SELECTOR = YES;
				GCC_WARN_UNINITIALIZED_AUTOS = YES_AGGRESSIVE;
				GCC_WARN_UNUSED_FUNCTION = YES;
				GCC_WARN_UNUSED_VARIABLE = YES;
				IPHONEOS_DEPLOYMENT_TARGET = 16.4;
				LD_RUNPATH_SEARCH_PATHS = (
					/usr/lib/swift,
					"$(inherited)",
				);
				LIBRARY_SEARCH_PATHS = "$(SDKROOT)/usr/lib/swift\"$(inherited)\"";
				MTL_ENABLE_DEBUG_INFO = YES;
				ONLY_ACTIVE_ARCH = YES;
				OTHER_CFLAGS = (
					"$(inherited)",
					"-DRCT_REMOVE_LEGACY_ARCH=1",
				);
				OTHER_CPLUSPLUSFLAGS = (
					"$(inherited)",
					"-DRCT_REMOVE_LEGACY_ARCH=1",
				);
				PODFILE_DIR = "$(SRCROOT)";
				REACT_NATIVE_PATH = "${PODS_ROOT}/../../node_modules/react-native";
				SDKROOT = iphoneos;
				SWIFT_ACTIVE_COMPILATION_CONDITIONS = "$(inherited) DEBUG";
				SWIFT_ENABLE_EXPLICIT_MODULES = NO;
				USE_HERMES = true;
			};
			name = Debug;
		};
		83CBBA211A601CBA00E9B192 /* Release */ = {
			isa = XCBuildConfiguration;
			buildSettings = {
				ALWAYS_SEARCH_USER_PATHS = NO;
				CLANG_ANALYZER_LOCALIZABILITY_NONLOCALIZED = YES;
				CLANG_CXX_LANGUAGE_STANDARD = "c++20";
				CLANG_CXX_LIBRARY = "libc++";
				CLANG_ENABLE_MODULES = YES;
				CLANG_ENABLE_OBJC_ARC = YES;
				CLANG_WARN_BLOCK_CAPTURE_AUTORELEASING = YES;
				CLANG_WARN_BOOL_CONVERSION = YES;
				CLANG_WARN_COMMA = YES;
				CLANG_WARN_CONSTANT_CONVERSION = YES;
				CLANG_WARN_DEPRECATED_OBJC_IMPLEMENTATIONS = YES;
				CLANG_WARN_DIRECT_OBJC_ISA_USAGE = YES_ERROR;
				CLANG_WARN_EMPTY_BODY = YES;
				CLANG_WARN_ENUM_CONVERSION = YES;
				CLANG_WARN_INFINITE_RECURSION = YES;
				CLANG_WARN_INT_CONVERSION = YES;
				CLANG_WARN_NON_LITERAL_NULL_CONVERSION = YES;
				CLANG_WARN_OBJC_IMPLICIT_RETAIN_SELF = YES;
				CLANG_WARN_OBJC_LITERAL_CONVERSION = YES;
				CLANG_WARN_OBJC_ROOT_CLASS = YES_ERROR;
				CLANG_WARN_RANGE_LOOP_ANALYSIS = YES;
				CLANG_WARN_STRICT_PROTOTYPES = YES;
				CLANG_WARN_SUSPICIOUS_MOVE = YES;
				CLANG_WARN_UNREACHABLE_CODE = YES;
				CLANG_WARN__DUPLICATE_METHOD_MATCH = YES;
				"CODE_SIGN_IDENTITY[sdk=iphoneos*]" = "iPhone Developer";
				COPY_PHASE_STRIP = YES;
				ENABLE_NS_ASSERTIONS = NO;
				ENABLE_STRICT_OBJC_MSGSEND = YES;
				GCC_C_LANGUAGE_STANDARD = gnu99;
				GCC_NO_COMMON_BLOCKS = YES;
				GCC_WARN_64_TO_32_BIT_CONVERSION = YES;
				GCC_WARN_ABOUT_RETURN_TYPE = YES_ERROR;
				GCC_WARN_UNDECLARED_SELECTOR = YES;
				GCC_WARN_UNINITIALIZED_AUTOS = YES_AGGRESSIVE;
				GCC_WARN_UNUSED_FUNCTION = YES;
				GCC_WARN_UNUSED_VARIABLE = YES;
				IPHONEOS_DEPLOYMENT_TARGET = 16.4;
				LD_RUNPATH_SEARCH_PATHS = (
					/usr/lib/swift,
					"$(inherited)",
				);
				LIBRARY_SEARCH_PATHS = "$(SDKROOT)/usr/lib/swift\"$(inherited)\"";
				MTL_ENABLE_DEBUG_INFO = NO;
				OTHER_CFLAGS = (
					"$(inherited)",
					"-DRCT_REMOVE_LEGACY_ARCH=1",
				);
				OTHER_CPLUSPLUSFLAGS = (
					"$(inherited)",
					"-DRCT_REMOVE_LEGACY_ARCH=1",
				);
				PODFILE_DIR = "$(SRCROOT)";
				REACT_NATIVE_PATH = "${PODS_ROOT}/../../node_modules/react-native";
				SDKROOT = iphoneos;
				SWIFT_ENABLE_EXPLICIT_MODULES = NO;
				USE_HERMES = true;
				VALIDATE_PRODUCT = YES;
			};
			name = Release;
		};
		FD0B949147B74510AD6BE484 /* Release */ = {
			isa = XCBuildConfiguration;
			baseConfigurationReference = 7088E724A67E102D334ECDCB /* Pods-ExpoWidgetsTarget.release.xcconfig */;
			buildSettings = {
				APPLICATION_EXTENSION_API_ONLY = YES;
				CODE_SIGN_ENTITLEMENTS = ExpoWidgetsTarget/ExpoWidgetsTarget.entitlements;
				CURRENT_PROJECT_VERSION = 1;
				DEVELOPMENT_TEAM = C87L9NX8TU;
				GENERATE_INFOPLIST_FILE = YES;
				INFOPLIST_FILE = ExpoWidgetsTarget/Info.plist;
				INFOPLIST_KEY_CFBundleDisplayName = ExpoWidgetsTarget;
				INFOPLIST_KEY_NSHumanReadableCopyright = "";
				IPHONEOS_DEPLOYMENT_TARGET = 16.4;
				MARKETING_VERSION = 8.5.5;
				OTHER_SWIFT_FLAGS = "$(inherited) -D EXPO_CONFIGURATION_RELEASE";
				PRODUCT_BUNDLE_IDENTIFIER = xyz.kaelian.dev.widgets;
				PRODUCT_NAME = "$(TARGET_NAME)";
				SWIFT_OPTIMIZATION_LEVEL = "-Onone";
				SWIFT_VERSION = 5.0;
				TARGETED_DEVICE_FAMILY = "1,2";
			};
			name = Release;
		};
/* End XCBuildConfiguration section */

/* Begin XCConfigurationList section */
		13B07F931A680F5B00A75B9A /* Build configuration list for PBXNativeTarget "Papillon" */ = {
			isa = XCConfigurationList;
			buildConfigurations = (
				13B07F941A680F5B00A75B9A /* Debug */,
				13B07F951A680F5B00A75B9A /* Release */,
			);
			defaultConfigurationIsVisible = 0;
			defaultConfigurationName = Release;
		};
		83CBB9FA1A601CBA00E9B192 /* Build configuration list for PBXProject "Papillon" */ = {
			isa = XCConfigurationList;
			buildConfigurations = (
				83CBBA201A601CBA00E9B192 /* Debug */,
				83CBBA211A601CBA00E9B192 /* Release */,
			);
			defaultConfigurationIsVisible = 0;
			defaultConfigurationName = Release;
		};
		AE5AE9E32FD7438DB1E0C298 /* Build configuration list for PBXNativeTarget "ExpoWidgetsTarget" */ = {
			isa = XCConfigurationList;
			buildConfigurations = (
				818E4BBDCB124F1185F272FD /* Debug */,
				FD0B949147B74510AD6BE484 /* Release */,
			);
			defaultConfigurationIsVisible = 0;
			defaultConfigurationName = Release;
		};
/* End XCConfigurationList section */
	};
	rootObject = 83CBB9F71A601CBA00E9B192 /* Project object */;
}
